
Microsoft Visual Studio Solution File, Format Version 12.00
# Visual Studio Version 16
VisualStudioVersion = 16.0.30002.166
MinimumVisualStudioVersion = 10.0.40219.1
Project("{9A19103F-16F7-4668-BE54-9A1E7A4F7556}") = "ClassLibrary", "ClassLibrary\ClassLibrary.csproj", "{451EA635-0A74-4CA3-BAF1-32255CC2101A}"
EndProject
Project("{9A19103F-16F7-4668-BE54-9A1E7A4F7556}") = "autoExtracter.UnitTests", "autoExtracter.UnitTests\autoExtracter.UnitTests.csproj", "{2A71BC16-7F82-425C-9EEB-2A49227835CD}"
EndProject
Project("{9A19103F-16F7-4668-BE54-9A1E7A4F7556}") = "autoExtract", "autoExtract\autoExtract.csproj", "{FEDF908D-40B9-44EE-8EE7-557F91C5773D}"
EndProject
Global
	GlobalSection(SolutionConfigurationPlatforms) = preSolution
		Debug|Any CPU = Debug|Any CPU
		Release|Any CPU = Release|Any CPU
	EndGlobalSection
	GlobalSection(ProjectConfigurationPlatforms) = postSolution
		{451EA635-0A74-4CA3-BAF1-32255CC2101A}.Debug|Any CPU.ActiveCfg = Debug|Any CPU
		{451EA635-0A74-4CA3-BAF1-32255CC2101A}.Debug|Any CPU.Build.0 = Debug|Any CPU
		{451EA635-0A74-4CA3-BAF1-32255CC2101A}.Release|Any CPU.ActiveCfg = Release|Any CPU
		{451EA635-0A74-4CA3-BAF1-32255CC2101A}.Release|Any CPU.Build.0 = Release|Any CPU
		{2A71BC16-7F82-425C-9EEB-2A49227835CD}.Debug|Any CPU.ActiveCfg = Debug|Any CPU
		{2A71BC16-7F82-425C-9EEB-2A49227835CD}.Debug|Any CPU.Build.0 = Debug|Any CPU
		{2A71BC16-7F82-425C-9EEB-2A49227835CD}.Release|Any CPU.ActiveCfg = Release|Any CPU
		{2A71BC16-7F82-425C-9EEB-2A49227835CD}.Release|Any CPU.Build.0 = Release|Any CPU
		{FEDF908D-40B9-44EE-8EE7-557F91C5773D}.Debug|Any CPU.ActiveCfg = Debug|Any CPU
		{FEDF908D-40B9-44EE-8EE7-557F91C5773D}.Debug|Any CPU.Build.0 = Debug|Any CPU
		{FEDF908D-40B9-44EE-8EE7-557F91C5773D}.Release|Any CPU.ActiveCfg = Release|Any CPU
		{FEDF908D-40B9-44EE-8EE7-557F91C5773D}.Release|Any CPU.Build.0 = Release|Any CPU
	EndGlobalSection
	GlobalSection(SolutionProperties) = preSolution
		HideSolutionNode = FALSE
	EndGlobalSection
	GlobalSection(ExtensibilityGlobals) = postSolution
		SolutionGuid = {09039706-7763-43F2-9A71-4F3DCEE6DE80}
	EndGlobalSection
EndGlobal
